
Microsoft Visual Studio Solution File, Format Version 12.00
# Visual Studio Version 17
VisualStudioVersion = 17.0.32112.339
MinimumVisualStudioVersion = 10.0.40219.1
Project("{FAE04EC0-301F-11D3-BF4B-00C04F79EFBC}") = "medGet", "medGet\medGet.csproj", "{BAE75496-038C-48F7-B022-01C2452B0EB2}"
EndProject
Global
	GlobalSection(SolutionConfigurationPlatforms) = preSolution
		Debug|Any CPU = Debug|Any CPU
		Release|Any CPU = Release|Any CPU
	EndGlobalSection
	GlobalSection(ProjectConfigurationPlatforms) = postSolution
		{BAE75496-038C-48F7-B022-01C2452B0EB2}.Debug|Any CPU.ActiveCfg = Debug|Any CPU
		{BAE75496-038C-48F7-B022-01C2452B0EB2}.Debug|Any CPU.Build.0 = Debug|Any CPU
		{BAE75496-038C-48F7-B022-01C2452B0EB2}.Release|Any CPU.ActiveCfg = Release|Any CPU
		{BAE75496-038C-48F7-B022-01C2452B0EB2}.Release|Any CPU.Build.0 = Release|Any CPU
	EndGlobalSection
	GlobalSection(SolutionProperties) = preSolution
		HideSolutionNode = FALSE
	EndGlobalSection
	GlobalSection(ExtensibilityGlobals) = postSolution
		SolutionGuid = {47801612-4EDE-45CE-A8A4-7C4B038FA5B6}
	EndGlobalSection
EndGlobal
